
Microsoft Visual Studio Solution File, Format Version 12.00
# Visual Studio Version 16
VisualStudioVersion = 16.0.30804.86
MinimumVisualStudioVersion = 10.0.40219.1
Project("{9A19103F-16F7-4668-BE54-9A1E7A4F7556}") = "Data_Service", "Data_Service\Data_Service.csproj", "{ACA6329F-7887-4A67-841B-8AB1753EB003}"
EndProject
Project("{9A19103F-16F7-4668-BE54-9A1E7A4F7556}") = "Sensor_Device_Service", "Sensor_Device_Service\Sensor_Device_Service.csproj", "{4557DBFD-9861-423F-8AE2-803EC7288C3D}"
EndProject
Project("{E53339B2-1760-4266-BCC7-CA923CBCF16C}") = "docker-compose", "docker-compose.dcproj", "{9B2B1836-4207-4F08-A129-037638584767}"
EndProject
Project("{9A19103F-16F7-4668-BE54-9A1E7A4F7556}") = "Analytics_Service", "Analytics_Service\Analytics_Service.csproj", "{46B6BF8C-09F8-4755-BF2A-C7CCBA3857B6}"
EndProject
Project("{9A19103F-16F7-4668-BE54-9A1E7A4F7556}") = "Command_Service", "Command_Service\Command_Service.csproj", "{789C0D1A-9786-4BAA-91A4-D554FEAFD950}"
EndProject
Project("{9A19103F-16F7-4668-BE54-9A1E7A4F7556}") = "API_Gateway_Service", "API_Gateway_Service\API_Gateway_Service.csproj", "{C055A69D-9A77-4686-A003-97C15AF2F9A6}"
EndProject
Project("{FAE04EC0-301F-11D3-BF4B-00C04F79EFBC}") = "WebDashboard", "WebDashboard\WebDashboard.csproj", "{96479AFA-181C-4EB2-92DB-75A731B2FCC1}"
EndProject
Global
	GlobalSection(SolutionConfigurationPlatforms) = preSolution
		Debug|Any CPU = Debug|Any CPU
		Release|Any CPU = Release|Any CPU
	EndGlobalSection
	GlobalSection(ProjectConfigurationPlatforms) = postSolution
		{ACA6329F-7887-4A67-841B-8AB1753EB003}.Debug|Any CPU.ActiveCfg = Debug|Any CPU
		{ACA6329F-7887-4A67-841B-8AB1753EB003}.Debug|Any CPU.Build.0 = Debug|Any CPU
		{ACA6329F-7887-4A67-841B-8AB1753EB003}.Release|Any CPU.ActiveCfg = Release|Any CPU
		{ACA6329F-7887-4A67-841B-8AB1753EB003}.Release|Any CPU.Build.0 = Release|Any CPU
		{4557DBFD-9861-423F-8AE2-803EC7288C3D}.Debug|Any CPU.ActiveCfg = Debug|Any CPU
		{4557DBFD-9861-423F-8AE2-803EC7288C3D}.Debug|Any CPU.Build.0 = Debug|Any CPU
		{4557DBFD-9861-423F-8AE2-803EC7288C3D}.Release|Any CPU.ActiveCfg = Release|Any CPU
		{4557DBFD-9861-423F-8AE2-803EC7288C3D}.Release|Any CPU.Build.0 = Release|Any CPU
		{9B2B1836-4207-4F08-A129-037638584767}.Debug|Any CPU.ActiveCfg = Debug|Any CPU
		{9B2B1836-4207-4F08-A129-037638584767}.Debug|Any CPU.Build.0 = Debug|Any CPU
		{9B2B1836-4207-4F08-A129-037638584767}.Release|Any CPU.ActiveCfg = Release|Any CPU
		{9B2B1836-4207-4F08-A129-037638584767}.Release|Any CPU.Build.0 = Release|Any CPU
		{46B6BF8C-09F8-4755-BF2A-C7CCBA3857B6}.Debug|Any CPU.ActiveCfg = Debug|Any CPU
		{46B6BF8C-09F8-4755-BF2A-C7CCBA3857B6}.Debug|Any CPU.Build.0 = Debug|Any CPU
		{46B6BF8C-09F8-4755-BF2A-C7CCBA3857B6}.Release|Any CPU.ActiveCfg = Release|Any CPU
		{46B6BF8C-09F8-4755-BF2A-C7CCBA3857B6}.Release|Any CPU.Build.0 = Release|Any CPU
		{789C0D1A-9786-4BAA-91A4-D554FEAFD950}.Debug|Any CPU.ActiveCfg = Debug|Any CPU
		{789C0D1A-9786-4BAA-91A4-D554FEAFD950}.Debug|Any CPU.Build.0 = Debug|Any CPU
		{789C0D1A-9786-4BAA-91A4-D554FEAFD950}.Release|Any CPU.ActiveCfg = Release|Any CPU
		{789C0D1A-9786-4BAA-91A4-D554FEAFD950}.Release|Any CPU.Build.0 = Release|Any CPU
		{C055A69D-9A77-4686-A003-97C15AF2F9A6}.Debug|Any CPU.ActiveCfg = Debug|Any CPU
		{C055A69D-9A77-4686-A003-97C15AF2F9A6}.Debug|Any CPU.Build.0 = Debug|Any CPU
		{C055A69D-9A77-4686-A003-97C15AF2F9A6}.Release|Any CPU.ActiveCfg = Release|Any CPU
		{C055A69D-9A77-4686-A003-97C15AF2F9A6}.Release|Any CPU.Build.0 = Release|Any CPU
		{96479AFA-181C-4EB2-92DB-75A731B2FCC1}.Debug|Any CPU.ActiveCfg = Debug|Any CPU
		{96479AFA-181C-4EB2-92DB-75A731B2FCC1}.Debug|Any CPU.Build.0 = Debug|Any CPU
		{96479AFA-181C-4EB2-92DB-75A731B2FCC1}.Release|Any CPU.ActiveCfg = Release|Any CPU
		{96479AFA-181C-4EB2-92DB-75A731B2FCC1}.Release|Any CPU.Build.0 = Release|Any CPU
	EndGlobalSection
	GlobalSection(SolutionProperties) = preSolution
		HideSolutionNode = FALSE
	EndGlobalSection
	GlobalSection(ExtensibilityGlobals) = postSolution
		SolutionGuid = {2A20C9B2-9395-42C0-A69E-72DE3AB784CF}
	EndGlobalSection
EndGlobal
